// !$*UTF8*$!
{
	archiveVersion = 1;
	classes = {
	};
	objectVersion = 51;
	objects = {

/* Begin PBXBuildFile section */
		2BBD7CBDFB6BFBCBE39BCDF9 /* Pods_flixee_flixeeUITests.framework in Frameworks */ = {isa = PBXBuildFile; fileRef = 4ADD20D0DDF10B6920CFE804 /* Pods_flixee_flixeeUITests.framework */; };
		31CBF9A30141FBB1E0D157D6 /* Pods_flixee.framework in Frameworks */ = {isa = PBXBuildFile; fileRef = F50E3B4C0A47804255F59DF2 /* Pods_flixee.framework */; };
		4561E24878A087C70359C8BD /* Pods_flixeeTests.framework in Frameworks */ = {isa = PBXBuildFile; fileRef = DC570FD6D782A9988AC3BFF2 /* Pods_flixeeTests.framework */; };
		4A05C916252411ED00E7CAA6 /* MovieDetailsViewController.swift in Sources */ = {isa = PBXBuildFile; fileRef = 4A05C915252411ED00E7CAA6 /* MovieDetailsViewController.swift */; };
		4A27876E251C44AB00BB68CD /* AppDelegate.swift in Sources */ = {isa = PBXBuildFile; fileRef = 4A27876D251C44AB00BB68CD /* AppDelegate.swift */; };
		4A278770251C44AB00BB68CD /* SceneDelegate.swift in Sources */ = {isa = PBXBuildFile; fileRef = 4A27876F251C44AB00BB68CD /* SceneDelegate.swift */; };
		4A278775251C44AB00BB68CD /* Main.storyboard in Resources */ = {isa = PBXBuildFile; fileRef = 4A278773251C44AB00BB68CD /* Main.storyboard */; };
		4A278777251C44B100BB68CD /* Assets.xcassets in Resources */ = {isa = PBXBuildFile; fileRef = 4A278776251C44B100BB68CD /* Assets.xcassets */; };
		4A27877A251C44B100BB68CD /* LaunchScreen.storyboard in Resources */ = {isa = PBXBuildFile; fileRef = 4A278778251C44B100BB68CD /* LaunchScreen.storyboard */; };
		4A278785251C44B100BB68CD /* flixeeTests.swift in Sources */ = {isa = PBXBuildFile; fileRef = 4A278784251C44B100BB68CD /* flixeeTests.swift */; };
		4A278790251C44B100BB68CD /* flixeeUITests.swift in Sources */ = {isa = PBXBuildFile; fileRef = 4A27878F251C44B100BB68CD /* flixeeUITests.swift */; };
		4A52404C251C489000B7063E /* MoviesViewController.swift in Sources */ = {isa = PBXBuildFile; fileRef = 4A52404B251C489000B7063E /* MoviesViewController.swift */; };
		4A52404E251C55CF00B7063E /* MovieCell.swift in Sources */ = {isa = PBXBuildFile; fileRef = 4A52404D251C55CF00B7063E /* MovieCell.swift */; };
		4A74EA752524EBA7009BFE24 /* MovieGridViewController.swift in Sources */ = {isa = PBXBuildFile; fileRef = 4A74EA742524EBA7009BFE24 /* MovieGridViewController.swift */; };
		4A74EA772524F2DD009BFE24 /* MovieGridCell.swift in Sources */ = {isa = PBXBuildFile; fileRef = 4A74EA762524F2DD009BFE24 /* MovieGridCell.swift */; };
/* End PBXBuildFile section */

/* Begin PBXContainerItemProxy section */
		4A278781251C44B100BB68CD /* PBXContainerItemProxy */ = {
			isa = PBXContainerItemProxy;
			containerPortal = 4A278762251C44AB00BB68CD /* Project object */;
			proxyType = 1;
			remoteGlobalIDString = 4A278769251C44AB00BB68CD;
			remoteInfo = flixee;
		};
		4A27878C251C44B100BB68CD /* PBXContainerItemProxy */ = {
			isa = PBXContainerItemProxy;
			containerPortal = 4A278762251C44AB00BB68CD /* Project object */;
			proxyType = 1;
			remoteGlobalIDString = 4A278769251C44AB00BB68CD;
			remoteInfo = flixee;
		};
/* End PBXContainerItemProxy section */

/* Begin PBXFileReference section */
		27F6CEC956014A9A21E24EDF /* Pods-flixeeTests.debug.xcconfig */ = {isa = PBXFileReference; includeInIndex = 1; lastKnownFileType = text.xcconfig; name = "Pods-flixeeTests.debug.xcconfig"; path = "Target Support Files/Pods-flixeeTests/Pods-flixeeTests.debug.xcconfig"; sourceTree = "<group>"; };
		2DB86FD394A7C0B4860302E9 /* Pods-flixee.debug.xcconfig */ = {isa = PBXFileReference; includeInIndex = 1; lastKnownFileType = text.xcconfig; name = "Pods-flixee.debug.xcconfig"; path = "Target Support Files/Pods-flixee/Pods-flixee.debug.xcconfig"; sourceTree = "<group>"; };
		35E1CF3EB6D2B168BE90DE57 /* Pods-flixeeTests.release.xcconfig */ = {isa = PBXFileReference; includeInIndex = 1; lastKnownFileType = text.xcconfig; name = "Pods-flixeeTests.release.xcconfig"; path = "Target Support Files/Pods-flixeeTests/Pods-flixeeTests.release.xcconfig"; sourceTree = "<group>"; };
		4A05C915252411ED00E7CAA6 /* MovieDetailsViewController.swift */ = {isa = PBXFileReference; lastKnownFileType = sourcecode.swift; path = MovieDetailsViewController.swift; sourceTree = "<group>"; };
		4A27876A251C44AB00BB68CD /* flixee.app */ = {isa = PBXFileReference; explicitFileType = wrapper.application; includeInIndex = 0; path = flixee.app; sourceTree = BUILT_PRODUCTS_DIR; };
		4A27876D251C44AB00BB68CD /* AppDelegate.swift */ = {isa = PBXFileReference; lastKnownFileType = sourcecode.swift; path = AppDelegate.swift; sourceTree = "<group>"; };
		4A27876F251C44AB00BB68CD /* SceneDelegate.swift */ = {isa = PBXFileReference; lastKnownFileType = sourcecode.swift; path = SceneDelegate.swift; sourceTree = "<group>"; };
		4A278774251C44AB00BB68CD /* Base */ = {isa = PBXFileReference; lastKnownFileType = file.storyboard; name = Base; path = Base.lproj/Main.storyboard; sourceTree = "<group>"; };
		4A278776251C44B100BB68CD /* Assets.xcassets */ = {isa = PBXFileReference; lastKnownFileType = folder.assetcatalog; path = Assets.xcassets; sourceTree = "<group>"; };
		4A278779251C44B100BB68CD /* Base */ = {isa = PBXFileReference; lastKnownFileType = file.storyboard; name = Base; path = Base.lproj/LaunchScreen.storyboard; sourceTree = "<group>"; };
		4A27877B251C44B100BB68CD /* Info.plist */ = {isa = PBXFileReference; lastKnownFileType = text.plist.xml; path = Info.plist; sourceTree = "<group>"; };
		4A278780251C44B100BB68CD /* flixeeTests.xctest */ = {isa = PBXFileReference; explicitFileType = wrapper.cfbundle; includeInIndex = 0; path = flixeeTests.xctest; sourceTree = BUILT_PRODUCTS_DIR; };
		4A278784251C44B100BB68CD /* flixeeTests.swift */ = {isa = PBXFileReference; lastKnownFileType = sourcecode.swift; path = flixeeTests.swift; sourceTree = "<group>"; };
		4A278786251C44B100BB68CD /* Info.plist */ = {isa = PBXFileReference; lastKnownFileType = text.plist.xml; path = Info.plist; sourceTree = "<group>"; };
		4A27878B251C44B100BB68CD /* flixeeUITests.xctest */ = {isa = PBXFileReference; explicitFileType = wrapper.cfbundle; includeInIndex = 0; path = flixeeUITests.xctest; sourceTree = BUILT_PRODUCTS_DIR; };
		4A27878F251C44B100BB68CD /* flixeeUITests.swift */ = {isa = PBXFileReference; lastKnownFileType = sourcecode.swift; path = flixeeUITests.swift; sourceTree = "<group>"; };
		4A278791251C44B100BB68CD /* Info.plist */ = {isa = PBXFileReference; lastKnownFileType = text.plist.xml; path = Info.plist; sourceTree = "<group>"; };
		4A52404B251C489000B7063E /* MoviesViewController.swift */ = {isa = PBXFileReference; lastKnownFileType = sourcecode.swift; path = MoviesViewController.swift; sourceTree = "<group>"; };
		4A52404D251C55CF00B7063E /* MovieCell.swift */ = {isa = PBXFileReference; lastKnownFileType = sourcecode.swift; path = MovieCell.swift; sourceTree = "<group>"; };
		4A74EA742524EBA7009BFE24 /* MovieGridViewController.swift */ = {isa = PBXFileReference; lastKnownFileType = sourcecode.swift; path = MovieGridViewController.swift; sourceTree = "<group>"; };
		4A74EA762524F2DD009BFE24 /* MovieGridCell.swift */ = {isa = PBXFileReference; lastKnownFileType = sourcecode.swift; path = MovieGridCell.swift; sourceTree = "<group>"; };
		4ADD20D0DDF10B6920CFE804 /* Pods_flixee_flixeeUITests.framework */ = {isa = PBXFileReference; explicitFileType = wrapper.framework; includeInIndex = 0; path = Pods_flixee_flixeeUITests.framework; sourceTree = BUILT_PRODUCTS_DIR; };
		84C75444F1937169C2BD860F /* Pods-flixee-flixeeUITests.debug.xcconfig */ = {isa = PBXFileReference; includeInIndex = 1; lastKnownFileType = text.xcconfig; name = "Pods-flixee-flixeeUITests.debug.xcconfig"; path = "Target Support Files/Pods-flixee-flixeeUITests/Pods-flixee-flixeeUITests.debug.xcconfig"; sourceTree = "<group>"; };
		9F9B8ED4AC7400B912E3A2A3 /* Pods-flixee.release.xcconfig */ = {isa = PBXFileReference; includeInIndex = 1; lastKnownFileType = text.xcconfig; name = "Pods-flixee.release.xcconfig"; path = "Target Support Files/Pods-flixee/Pods-flixee.release.xcconfig"; sourceTree = "<group>"; };
		DC570FD6D782A9988AC3BFF2 /* Pods_flixeeTests.framework */ = {isa = PBXFileReference; explicitFileType = wrapper.framework; includeInIndex = 0; path = Pods_flixeeTests.framework; sourceTree = BUILT_PRODUCTS_DIR; };
		E04A4CE5866A6DAB1C882FF8 /* Pods-flixee-flixeeUITests.release.xcconfig */ = {isa = PBXFileReference; includeInIndex = 1; lastKnownFileType = text.xcconfig; name = "Pods-flixee-flixeeUITests.release.xcconfig"; path = "Target Support Files/Pods-flixee-flixeeUITests/Pods-flixee-flixeeUITests.release.xcconfig"; sourceTree = "<group>"; };
		F50E3B4C0A47804255F59DF2 /* Pods_flixee.framework */ = {isa = PBXFileReference; explicitFileType = wrapper.framework; includeInIndex = 0; path = Pods_flixee.framework; sourceTree = BUILT_PRODUCTS_DIR; };
/* End PBXFileReference section */

/* Begin PBXFrameworksBuildPhase section */
		4A278767251C44AB00BB68CD /* Frameworks */ = {
			isa = PBXFrameworksBuildPhase;
			buildActionMask = 2147483647;
			files = (
				31CBF9A30141FBB1E0D157D6 /* Pods_flixee.framework in Frameworks */,
			);
			runOnlyForDeploymentPostprocessing = 0;
		};
		4A27877D251C44B100BB68CD /* Frameworks */ = {
			isa = PBXFrameworksBuildPhase;
			buildActionMask = 2147483647;
			files = (
				4561E24878A087C70359C8BD /* Pods_flixeeTests.framework in Frameworks */,
			);
			runOnlyForDeploymentPostprocessing = 0;
		};
		4A278788251C44B100BB68CD /* Frameworks */ = {
			isa = PBXFrameworksBuildPhase;
			buildActionMask = 2147483647;
			files = (
				2BBD7CBDFB6BFBCBE39BCDF9 /* Pods_flixee_flixeeUITests.framework in Frameworks */,
			);
			runOnlyForDeploymentPostprocessing = 0;
		};
/* End PBXFrameworksBuildPhase section */

/* Begin PBXGroup section */
		4A278761251C44AB00BB68CD = {
			isa = PBXGroup;
			children = (
				4A27876C251C44AB00BB68CD /* flixee */,
				4A278783251C44B100BB68CD /* flixeeTests */,
				4A27878E251C44B100BB68CD /* flixeeUITests */,
				4A27876B251C44AB00BB68CD /* Products */,
				C05428ECB4FA045A69F4AF35 /* Pods */,
				B74C73D290153CDF2A3CB921 /* Frameworks */,
			);
			sourceTree = "<group>";
		};
		4A27876B251C44AB00BB68CD /* Products */ = {
			isa = PBXGroup;
			children = (
				4A27876A251C44AB00BB68CD /* flixee.app */,
				4A278780251C44B100BB68CD /* flixeeTests.xctest */,
				4A27878B251C44B100BB68CD /* flixeeUITests.xctest */,
			);
			name = Products;
			sourceTree = "<group>";
		};
		4A27876C251C44AB00BB68CD /* flixee */ = {
			isa = PBXGroup;
			children = (
				4A27876D251C44AB00BB68CD /* AppDelegate.swift */,
				4A27876F251C44AB00BB68CD /* SceneDelegate.swift */,
				4A278773251C44AB00BB68CD /* Main.storyboard */,
				4A278776251C44B100BB68CD /* Assets.xcassets */,
				4A278778251C44B100BB68CD /* LaunchScreen.storyboard */,
				4A27877B251C44B100BB68CD /* Info.plist */,
				4A52404B251C489000B7063E /* MoviesViewController.swift */,
				4A52404D251C55CF00B7063E /* MovieCell.swift */,
				4A05C915252411ED00E7CAA6 /* MovieDetailsViewController.swift */,
				4A74EA742524EBA7009BFE24 /* MovieGridViewController.swift */,
				4A74EA762524F2DD009BFE24 /* MovieGridCell.swift */,
			);
			path = flixee;
			sourceTree = "<group>";
		};
		4A278783251C44B100BB68CD /* flixeeTests */ = {
			isa = PBXGroup;
			children = (
				4A278784251C44B100BB68CD /* flixeeTests.swift */,
				4A278786251C44B100BB68CD /* Info.plist */,
			);
			path = flixeeTests;
			sourceTree = "<group>";
		};
		4A27878E251C44B100BB68CD /* flixeeUITests */ = {
			isa = PBXGroup;
			children = (
				4A27878F251C44B100BB68CD /* flixeeUITests.swift */,
				4A278791251C44B100BB68CD /* Info.plist */,
			);
			path = flixeeUITests;
			sourceTree = "<group>";
		};
		B74C73D290153CDF2A3CB921 /* Frameworks */ = {
			isa = PBXGroup;
			children = (
				F50E3B4C0A47804255F59DF2 /* Pods_flixee.framework */,
				4ADD20D0DDF10B6920CFE804 /* Pods_flixee_flixeeUITests.framework */,
				DC570FD6D782A9988AC3BFF2 /* Pods_flixeeTests.framework */,
			);
			name = Frameworks;
			sourceTree = "<group>";
		};
		C05428ECB4FA045A69F4AF35 /* Pods */ = {
			isa = PBXGroup;
			children = (
				2DB86FD394A7C0B4860302E9 /* Pods-flixee.debug.xcconfig */,
				9F9B8ED4AC7400B912E3A2A3 /* Pods-flixee.release.xcconfig */,
				84C75444F1937169C2BD860F /* Pods-flixee-flixeeUITests.debug.xcconfig */,
				E04A4CE5866A6DAB1C882FF8 /* Pods-flixee-flixeeUITests.release.xcconfig */,
				27F6CEC956014A9A21E24EDF /* Pods-flixeeTests.debug.xcconfig */,
				35E1CF3EB6D2B168BE90DE57 /* Pods-flixeeTests.release.xcconfig */,
			);
			path = Pods;
			sourceTree = "<group>";
		};
/* End PBXGroup section */

/* Begin PBXNativeTarget section */
		4A278769251C44AB00BB68CD /* flixee */ = {
			isa = PBXNativeTarget;
			buildConfigurationList = 4A278794251C44B100BB68CD /* Build configuration list for PBXNativeTarget "flixee" */;
			buildPhases = (
				431511745B16AC721D5C21B1 /* [CP] Check Pods Manifest.lock */,
				4A278766251C44AB00BB68CD /* Sources */,
				4A278767251C44AB00BB68CD /* Frameworks */,
				4A278768251C44AB00BB68CD /* Resources */,
				B530731D4FE38759855450AD /* [CP] Embed Pods Frameworks */,
			);
			buildRules = (
			);
			dependencies = (
			);
			name = flixee;
			productName = flixee;
			productReference = 4A27876A251C44AB00BB68CD /* flixee.app */;
			productType = "com.apple.product-type.application";
		};
		4A27877F251C44B100BB68CD /* flixeeTests */ = {
			isa = PBXNativeTarget;
			buildConfigurationList = 4A278797251C44B100BB68CD /* Build configuration list for PBXNativeTarget "flixeeTests" */;
			buildPhases = (
				397DD65730909335EE917A8E /* [CP] Check Pods Manifest.lock */,
				4A27877C251C44B100BB68CD /* Sources */,
				4A27877D251C44B100BB68CD /* Frameworks */,
				4A27877E251C44B100BB68CD /* Resources */,
			);
			buildRules = (
			);
			dependencies = (
				4A278782251C44B100BB68CD /* PBXTargetDependency */,
			);
			name = flixeeTests;
			productName = flixeeTests;
			productReference = 4A278780251C44B100BB68CD /* flixeeTests.xctest */;
			productType = "com.apple.product-type.bundle.unit-test";
		};
		4A27878A251C44B100BB68CD /* flixeeUITests */ = {
			isa = PBXNativeTarget;
			buildConfigurationList = 4A27879A251C44B100BB68CD /* Build configuration list for PBXNativeTarget "flixeeUITests" */;
			buildPhases = (
				D852744EF941EEB154577255 /* [CP] Check Pods Manifest.lock */,
				4A278787251C44B100BB68CD /* Sources */,
				4A278788251C44B100BB68CD /* Frameworks */,
				4A278789251C44B100BB68CD /* Resources */,
				5FD7D794AFF698EB57D44392 /* [CP] Embed Pods Frameworks */,
			);
			buildRules = (
			);
			dependencies = (
				4A27878D251C44B100BB68CD /* PBXTargetDependency */,
			);
			name = flixeeUITests;
			productName = flixeeUITests;
			productReference = 4A27878B251C44B100BB68CD /* flixeeUITests.xctest */;
			productType = "com.apple.product-type.bundle.ui-testing";
		};
/* End PBXNativeTarget section */

/* Begin PBXProject section */
		4A278762251C44AB00BB68CD /* Project object */ = {
			isa = PBXProject;
			attributes = {
				LastSwiftUpdateCheck = 1130;
				LastUpgradeCheck = 1130;
				ORGANIZATIONNAME = "Aldo Flores";
				TargetAttributes = {
					4A278769251C44AB00BB68CD = {
						CreatedOnToolsVersion = 11.3.1;
					};
					4A27877F251C44B100BB68CD = {
						CreatedOnToolsVersion = 11.3.1;
						TestTargetID = 4A278769251C44AB00BB68CD;
					};
					4A27878A251C44B100BB68CD = {
						CreatedOnToolsVersion = 11.3.1;
						TestTargetID = 4A278769251C44AB00BB68CD;
					};
				};
			};
			buildConfigurationList = 4A278765251C44AB00BB68CD /* Build configuration list for PBXProject "flixee" */;
			compatibilityVersion = "Xcode 9.3";
			developmentRegion = en;
			hasScannedForEncodings = 0;
			knownRegions = (
				en,
				Base,
			);
			mainGroup = 4A278761251C44AB00BB68CD;
			productRefGroup = 4A27876B251C44AB00BB68CD /* Products */;
			projectDirPath = "";
			projectRoot = "";
			targets = (
				4A278769251C44AB00BB68CD /* flixee */,
				4A27877F251C44B100BB68CD /* flixeeTests */,
				4A27878A251C44B100BB68CD /* flixeeUITests */,
			);
		};
/* End PBXProject section */

/* Begin PBXResourcesBuildPhase section */
		4A278768251C44AB00BB68CD /* Resources */ = {
			isa = PBXResourcesBuildPhase;
			buildActionMask = 2147483647;
			files = (
				4A27877A251C44B100BB68CD /* LaunchScreen.storyboard in Resources */,
				4A278777251C44B100BB68CD /* Assets.xcassets in Resources */,
				4A278775251C44AB00BB68CD /* Main.storyboard in Resources */,
			);
			runOnlyForDeploymentPostprocessing = 0;
		};
		4A27877E251C44B100BB68CD /* Resources */ = {
			isa = PBXResourcesBuildPhase;
			buildActionMask = 2147483647;
			files = (
			);
			runOnlyForDeploymentPostprocessing = 0;
		};
		4A278789251C44B100BB68CD /* Resources */ = {
			isa = PBXResourcesBuildPhase;
			buildActionMask = 2147483647;
			files = (
			);
			runOnlyForDeploymentPostprocessing = 0;
		};
/* End PBXResourcesBuildPhase section */

/* Begin PBXShellScriptBuildPhase section */
		397DD65730909335EE917A8E /* [CP] Check Pods Manifest.lock */ = {
			isa = PBXShellScriptBuildPhase;
			buildActionMask = 2147483647;
			files = (
			);
			inputFileListPaths = (
			);
			inputPaths = (
				"${PODS_PODFILE_DIR_PATH}/Podfile.lock",
				"${PODS_ROOT}/Manifest.lock",
			);
			name = "[CP] Check Pods Manifest.lock";
			outputFileListPaths = (
			);
			outputPaths = (
				"$(DERIVED_FILE_DIR)/Pods-flixeeTests-checkManifestLockResult.txt",
			);
			runOnlyForDeploymentPostprocessing = 0;
			shellPath = /bin/sh;
			shellScript = "diff \"${PODS_PODFILE_DIR_PATH}/Podfile.lock\" \"${PODS_ROOT}/Manifest.lock\" > /dev/null\nif [ $? != 0 ] ; then\n    # print error to STDERR\n    echo \"error: The sandbox is not in sync with the Podfile.lock. Run 'pod install' or update your CocoaPods installation.\" >&2\n    exit 1\nfi\n# This output is used by Xcode 'outputs' to avoid re-running this script phase.\necho \"SUCCESS\" > \"${SCRIPT_OUTPUT_FILE_0}\"\n";
			showEnvVarsInLog = 0;
		};
		431511745B16AC721D5C21B1 /* [CP] Check Pods Manifest.lock */ = {
			isa = PBXShellScriptBuildPhase;
			buildActionMask = 2147483647;
			files = (
			);
			inputFileListPaths = (
			);
			inputPaths = (
				"${PODS_PODFILE_DIR_PATH}/Podfile.lock",
				"${PODS_ROOT}/Manifest.lock",
			);
			name = "[CP] Check Pods Manifest.lock";
			outputFileListPaths = (
			);
			outputPaths = (
				"$(DERIVED_FILE_DIR)/Pods-flixee-checkManifestLockResult.txt",
			);
			runOnlyForDeploymentPostprocessing = 0;
			shellPath = /bin/sh;
			shellScript = "diff \"${PODS_PODFILE_DIR_PATH}/Podfile.lock\" \"${PODS_ROOT}/Manifest.lock\" > /dev/null\nif [ $? != 0 ] ; then\n    # print error to STDERR\n    echo \"error: The sandbox is not in sync with the Podfile.lock. Run 'pod install' or update your CocoaPods installation.\" >&2\n    exit 1\nfi\n# This output is used by Xcode 'outputs' to avoid re-running this script phase.\necho \"SUCCESS\" > \"${SCRIPT_OUTPUT_FILE_0}\"\n";
			showEnvVarsInLog = 0;
		};
		5FD7D794AFF698EB57D44392 /* [CP] Embed Pods Frameworks */ = {
			isa = PBXShellScriptBuildPhase;
			buildActionMask = 2147483647;
			files = (
			);
			inputFileListPaths = (
				"${PODS_ROOT}/Target Support Files/Pods-flixee-flixeeUITests/Pods-flixee-flixeeUITests-frameworks-${CONFIGURATION}-input-files.xcfilelist",
			);
			name = "[CP] Embed Pods Frameworks";
			outputFileListPaths = (
				"${PODS_ROOT}/Target Support Files/Pods-flixee-flixeeUITests/Pods-flixee-flixeeUITests-frameworks-${CONFIGURATION}-output-files.xcfilelist",
			);
			runOnlyForDeploymentPostprocessing = 0;
			shellPath = /bin/sh;
			shellScript = "\"${PODS_ROOT}/Target Support Files/Pods-flixee-flixeeUITests/Pods-flixee-flixeeUITests-frameworks.sh\"\n";
			showEnvVarsInLog = 0;
		};
		B530731D4FE38759855450AD /* [CP] Embed Pods Frameworks */ = {
			isa = PBXShellScriptBuildPhase;
			buildActionMask = 2147483647;
			files = (
			);
			inputFileListPaths = (
				"${PODS_ROOT}/Target Support Files/Pods-flixee/Pods-flixee-frameworks-${CONFIGURATION}-input-files.xcfilelist",
			);
			name = "[CP] Embed Pods Frameworks";
			outputFileListPaths = (
				"${PODS_ROOT}/Target Support Files/Pods-flixee/Pods-flixee-frameworks-${CONFIGURATION}-output-files.xcfilelist",
			);
			runOnlyForDeploymentPostprocessing = 0;
			shellPath = /bin/sh;
			shellScript = "\"${PODS_ROOT}/Target Support Files/Pods-flixee/Pods-flixee-frameworks.sh\"\n";
			showEnvVarsInLog = 0;
		};
		D852744EF941EEB154577255 /* [CP] Check Pods Manifest.lock */ = {
			isa = PBXShellScriptBuildPhase;
			buildActionMask = 2147483647;
			files = (
			);
			inputFileListPaths = (
			);
			inputPaths = (
				"${PODS_PODFILE_DIR_PATH}/Podfile.lock",
				"${PODS_ROOT}/Manifest.lock",
			);
			name = "[CP] Check Pods Manifest.lock";
			outputFileListPaths = (
			);
			outputPaths = (
				"$(DERIVED_FILE_DIR)/Pods-flixee-flixeeUITests-checkManifestLockResult.txt",
			);
			runOnlyForDeploymentPostprocessing = 0;
			shellPath = /bin/sh;
			shellScript = "diff \"${PODS_PODFILE_DIR_PATH}/Podfile.lock\" \"${PODS_ROOT}/Manifest.lock\" > /dev/null\nif [ $? != 0 ] ; then\n    # print error to STDERR\n    echo \"error: The sandbox is not in sync with the Podfile.lock. Run 'pod install' or update your CocoaPods installation.\" >&2\n    exit 1\nfi\n# This output is used by Xcode 'outputs' to avoid re-running this script phase.\necho \"SUCCESS\" > \"${SCRIPT_OUTPUT_FILE_0}\"\n";
			showEnvVarsInLog = 0;
		};
/* End PBXShellScriptBuildPhase section */

/* Begin PBXSourcesBuildPhase section */
		4A278766251C44AB00BB68CD /* Sources */ = {
			isa = PBXSourcesBuildPhase;
			buildActionMask = 2147483647;
			files = (
				4A05C916252411ED00E7CAA6 /* MovieDetailsViewController.swift in Sources */,
				4A27876E251C44AB00BB68CD /* AppDelegate.swift in Sources */,
				4A278770251C44AB00BB68CD /* SceneDelegate.swift in Sources */,
				4A52404E251C55CF00B7063E /* MovieCell.swift in Sources */,
				4A52404C251C489000B7063E /* MoviesViewController.swift in Sources */,
				4A74EA752524EBA7009BFE24 /* MovieGridViewController.swift in Sources */,
				4A74EA772524F2DD009BFE24 /* MovieGridCell.swift in Sources */,
			);
			runOnlyForDeploymentPostprocessing = 0;
		};
		4A27877C251C44B100BB68CD /* Sources */ = {
			isa = PBXSourcesBuildPhase;
			buildActionMask = 2147483647;
			files = (
				4A278785251C44B100BB68CD /* flixeeTests.swift in Sources */,
			);
			runOnlyForDeploymentPostprocessing = 0;
		};
		4A278787251C44B100BB68CD /* Sources */ = {
			isa = PBXSourcesBuildPhase;
			buildActionMask = 2147483647;
			files = (
				4A278790251C44B100BB68CD /* flixeeUITests.swift in Sources */,
			);
			runOnlyForDeploymentPostprocessing = 0;
		};
/* End PBXSourcesBuildPhase section */

/* Begin PBXTargetDependency section */
		4A278782251C44B100BB68CD /* PBXTargetDependency */ = {
			isa = PBXTargetDependency;
			target = 4A278769251C44AB00BB68CD /* flixee */;
			targetProxy = 4A278781251C44B100BB68CD /* PBXContainerItemProxy */;
		};
		4A27878D251C44B100BB68CD /* PBXTargetDependency */ = {
			isa = PBXTargetDependency;
			target = 4A278769251C44AB00BB68CD /* flixee */;
			targetProxy = 4A27878C251C44B100BB68CD /* PBXContainerItemProxy */;
		};
/* End PBXTargetDependency section */

/* Begin PBXVariantGroup section */
		4A278773251C44AB00BB68CD /* Main.storyboard */ = {
			isa = PBXVariantGroup;
			children = (
				4A278774251C44AB00BB68CD /* Base */,
			);
			name = Main.storyboard;
			sourceTree = "<group>";
		};
		4A278778251C44B100BB68CD /* LaunchScreen.storyboard */ = {
			isa = PBXVariantGroup;
			children = (
				4A278779251C44B100BB68CD /* Base */,
			);
			name = LaunchScreen.storyboard;
			sourceTree = "<group>";
		};
/* End PBXVariantGroup section */

/* Begin XCBuildConfiguration section */
		4A278792251C44B100BB68CD /* Debug */ = {
			isa = XCBuildConfiguration;
			buildSettings = {
				ALWAYS_SEARCH_USER_PATHS = NO;
				CLANG_ANALYZER_NONNULL = YES;
				CLANG_ANALYZER_NUMBER_OBJECT_CONVERSION = YES_AGGRESSIVE;
				CLANG_CXX_LANGUAGE_STANDARD = "gnu++14";
				CLANG_CXX_LIBRARY = "libc++";
				CLANG_ENABLE_MODULES = YES;
				CLANG_ENABLE_OBJC_ARC = YES;
				CLANG_ENABLE_OBJC_WEAK = YES;
				CLANG_WARN_BLOCK_CAPTURE_AUTORELEASING = YES;
				CLANG_WARN_BOOL_CONVERSION = YES;
				CLANG_WARN_COMMA = YES;
				CLANG_WARN_CONSTANT_CONVERSION = YES;
				CLANG_WARN_DEPRECATED_OBJC_IMPLEMENTATIONS = YES;
				CLANG_WARN_DIRECT_OBJC_ISA_USAGE = YES_ERROR;
				CLANG_WARN_DOCUMENTATION_COMMENTS = YES;
				CLANG_WARN_EMPTY_BODY = YES;
				CLANG_WARN_ENUM_CONVERSION = YES;
				CLANG_WARN_INFINITE_RECURSION = YES;
				CLANG_WARN_INT_CONVERSION = YES;
				CLANG_WARN_NON_LITERAL_NULL_CONVERSION = YES;
				CLANG_WARN_OBJC_IMPLICIT_RETAIN_SELF = YES;
				CLANG_WARN_OBJC_LITERAL_CONVERSION = YES;
				CLANG_WARN_OBJC_ROOT_CLASS = YES_ERROR;
				CLANG_WARN_RANGE_LOOP_ANALYSIS = YES;
				CLANG_WARN_STRICT_PROTOTYPES = YES;
				CLANG_WARN_SUSPICIOUS_MOVE = YES;
				CLANG_WARN_UNGUARDED_AVAILABILITY = YES_AGGRESSIVE;
				CLANG_WARN_UNREACHABLE_CODE = YES;
				CLANG_WARN__DUPLICATE_METHOD_MATCH = YES;
				COPY_PHASE_STRIP = NO;
				DEBUG_INFORMATION_FORMAT = dwarf;
				ENABLE_STRICT_OBJC_MSGSEND = YES;
				ENABLE_TESTABILITY = YES;
				GCC_C_LANGUAGE_STANDARD = gnu11;
				GCC_DYNAMIC_NO_PIC = NO;
				GCC_NO_COMMON_BLOCKS = YES;
				GCC_OPTIMIZATION_LEVEL = 0;
				GCC_PREPROCESSOR_DEFINITIONS = (
					"DEBUG=1",
					"$(inherited)",
				);
				GCC_WARN_64_TO_32_BIT_CONVERSION = YES;
				GCC_WARN_ABOUT_RETURN_TYPE = YES_ERROR;
				GCC_WARN_UNDECLARED_SELECTOR = YES;
				GCC_WARN_UNINITIALIZED_AUTOS = YES_AGGRESSIVE;
				GCC_WARN_UNUSED_FUNCTION = YES;
				GCC_WARN_UNUSED_VARIABLE = YES;
				IPHONEOS_DEPLOYMENT_TARGET = 13.2;
				MTL_ENABLE_DEBUG_INFO = INCLUDE_SOURCE;
				MTL_FAST_MATH = YES;
				ONLY_ACTIVE_ARCH = YES;
				SDKROOT = iphoneos;
				SWIFT_ACTIVE_COMPILATION_CONDITIONS = DEBUG;
				SWIFT_OPTIMIZATION_LEVEL = "-Onone";
			};
			name = Debug;
		};
		4A278793251C44B100BB68CD /* Release */ = {
			isa = XCBuildConfiguration;
			buildSettings = {
				ALWAYS_SEARCH_USER_PATHS = NO;
				CLANG_ANALYZER_NONNULL = YES;
				CLANG_ANALYZER_NUMBER_OBJECT_CONVERSION = YES_AGGRESSIVE;
				CLANG_CXX_LANGUAGE_STANDARD = "gnu++14";
				CLANG_CXX_LIBRARY = "libc++";
				CLANG_ENABLE_MODULES = YES;
				CLANG_ENABLE_OBJC_ARC = YES;
				CLANG_ENABLE_OBJC_WEAK = YES;
				CLANG_WARN_BLOCK_CAPTURE_AUTORELEASING = YES;
				CLANG_WARN_BOOL_CONVERSION = YES;
				CLANG_WARN_COMMA = YES;
				CLANG_WARN_CONSTANT_CONVERSION = YES;
				CLANG_WARN_DEPRECATED_OBJC_IMPLEMENTATIONS = YES;
				CLANG_WARN_DIRECT_OBJC_ISA_USAGE = YES_ERROR;
				CLANG_WARN_DOCUMENTATION_COMMENTS = YES;
				CLANG_WARN_EMPTY_BODY = YES;
				CLANG_WARN_ENUM_CONVERSION = YES;
				CLANG_WARN_INFINITE_RECURSION = YES;
				CLANG_WARN_INT_CONVERSION = YES;
				CLANG_WARN_NON_LITERAL_NULL_CONVERSION = YES;
				CLANG_WARN_OBJC_IMPLICIT_RETAIN_SELF = YES;
				CLANG_WARN_OBJC_LITERAL_CONVERSION = YES;
				CLANG_WARN_OBJC_ROOT_CLASS = YES_ERROR;
				CLANG_WARN_RANGE_LOOP_ANALYSIS = YES;
				CLANG_WARN_STRICT_PROTOTYPES = YES;
				CLANG_WARN_SUSPICIOUS_MOVE = YES;
				CLANG_WARN_UNGUARDED_AVAILABILITY = YES_AGGRESSIVE;
				CLANG_WARN_UNREACHABLE_CODE = YES;
				CLANG_WARN__DUPLICATE_METHOD_MATCH = YES;
				COPY_PHASE_STRIP = NO;
				DEBUG_INFORMATION_FORMAT = "dwarf-with-dsym";
				ENABLE_NS_ASSERTIONS = NO;
				ENABLE_STRICT_OBJC_MSGSEND = YES;
				GCC_C_LANGUAGE_STANDARD = gnu11;
				GCC_NO_COMMON_BLOCKS = YES;
				GCC_WARN_64_TO_32_BIT_CONVERSION = YES;
				GCC_WARN_ABOUT_RETURN_TYPE = YES_ERROR;
				GCC_WARN_UNDECLARED_SELECTOR = YES;
				GCC_WARN_UNINITIALIZED_AUTOS = YES_AGGRESSIVE;
				GCC_WARN_UNUSED_FUNCTION = YES;
				GCC_WARN_UNUSED_VARIABLE = YES;
				IPHONEOS_DEPLOYMENT_TARGET = 13.2;
				MTL_ENABLE_DEBUG_INFO = NO;
				MTL_FAST_MATH = YES;
				SDKROOT = iphoneos;
				SWIFT_COMPILATION_MODE = wholemodule;
				SWIFT_OPTIMIZATION_LEVEL = "-O";
				VALIDATE_PRODUCT = YES;
			};
			name = Release;
		};
		4A278795251C44B100BB68CD /* Debug */ = {
			isa = XCBuildConfiguration;
			baseConfigurationReference = 2DB86FD394A7C0B4860302E9 /* Pods-flixee.debug.xcconfig */;
			buildSettings = {
				ASSETCATALOG_COMPILER_APPICON_NAME = AppIcon;
				CODE_SIGN_STYLE = Automatic;
				INFOPLIST_FILE = flixee/Info.plist;
				LD_RUNPATH_SEARCH_PATHS = (
					"$(inherited)",
					"@executable_path/Frameworks",
				);
				PRODUCT_BUNDLE_IDENTIFIER = dev.xoflores.flixee;
				PRODUCT_NAME = "$(TARGET_NAME)";
				SWIFT_VERSION = 5.0;
				TARGETED_DEVICE_FAMILY = "1,2";
			};
			name = Debug;
		};
		4A278796251C44B100BB68CD /* Release */ = {
			isa = XCBuildConfiguration;
			baseConfigurationReference = 9F9B8ED4AC7400B912E3A2A3 /* Pods-flixee.release.xcconfig */;
			buildSettings = {
				ASSETCATALOG_COMPILER_APPICON_NAME = AppIcon;
				CODE_SIGN_STYLE = Automatic;
				INFOPLIST_FILE = flixee/Info.plist;
				LD_RUNPATH_SEARCH_PATHS = (
					"$(inherited)",
					"@executable_path/Frameworks",
				);
				PRODUCT_BUNDLE_IDENTIFIER = dev.xoflores.flixee;
				PRODUCT_NAME = "$(TARGET_NAME)";
				SWIFT_VERSION = 5.0;
				TARGETED_DEVICE_FAMILY = "1,2";
			};
			name = Release;
		};
		4A278798251C44B100BB68CD /* Debug */ = {
			isa = XCBuildConfiguration;
			baseConfigurationReference = 27F6CEC956014A9A21E24EDF /* Pods-flixeeTests.debug.xcconfig */;
			buildSettings = {
				ALWAYS_EMBED_SWIFT_STANDARD_LIBRARIES = YES;
				BUNDLE_LOADER = "$(TEST_HOST)";
				CODE_SIGN_STYLE = Automatic;
				INFOPLIST_FILE = flixeeTests/Info.plist;
				IPHONEOS_DEPLOYMENT_TARGET = 13.2;
				LD_RUNPATH_SEARCH_PATHS = (
					"$(inherited)",
					"@executable_path/Frameworks",
					"@loader_path/Frameworks",
				);
				PRODUCT_BUNDLE_IDENTIFIER = dev.xoflores.flixeeTests;
				PRODUCT_NAME = "$(TARGET_NAME)";
				SWIFT_VERSION = 5.0;
				TARGETED_DEVICE_FAMILY = "1,2";
				TEST_HOST = "$(BUILT_PRODUCTS_DIR)/flixee.app/flixee";
			};
			name = Debug;
		};
		4A278799251C44B100BB68CD /* Release */ = {
			isa = XCBuildConfiguration;
			baseConfigurationReference = 35E1CF3EB6D2B168BE90DE57 /* Pods-flixeeTests.release.xcconfig */;
			buildSettings = {
				ALWAYS_EMBED_SWIFT_STANDARD_LIBRARIES = YES;
				BUNDLE_LOADER = "$(TEST_HOST)";
				CODE_SIGN_STYLE = Automatic;
				INFOPLIST_FILE = flixeeTests/Info.plist;
				IPHONEOS_DEPLOYMENT_TARGET = 13.2;
				LD_RUNPATH_SEARCH_PATHS = (
					"$(inherited)",
					"@executable_path/Frameworks",
					"@loader_path/Frameworks",
				);
				PRODUCT_BUNDLE_IDENTIFIER = dev.xoflores.flixeeTests;
				PRODUCT_NAME = "$(TARGET_NAME)";
				SWIFT_VERSION = 5.0;
				TARGETED_DEVICE_FAMILY = "1,2";
				TEST_HOST = "$(BUILT_PRODUCTS_DIR)/flixee.app/flixee";
			};
			name = Release;
		};
		4A27879B251C44B100BB68CD /* Debug */ = {
			isa = XCBuildConfiguration;
			baseConfigurationReference = 84C75444F1937169C2BD860F /* Pods-flixee-flixeeUITests.debug.xcconfig */;
			buildSettings = {
				ALWAYS_EMBED_SWIFT_STANDARD_LIBRARIES = YES;
				CODE_SIGN_STYLE = Automatic;
				INFOPLIST_FILE = flixeeUITests/Info.plist;
				LD_RUNPATH_SEARCH_PATHS = (
					"$(inherited)",
					"@executable_path/Frameworks",
					"@loader_path/Frameworks",
				);
				PRODUCT_BUNDLE_IDENTIFIER = dev.xoflores.flixeeUITests;
				PRODUCT_NAME = "$(TARGET_NAME)";
				SWIFT_VERSION = 5.0;
				TARGETED_DEVICE_FAMILY = "1,2";
				TEST_TARGET_NAME = flixee;
			};
			name = Debug;
		};
		4A27879C251C44B100BB68CD /* Release */ = {
			isa = XCBuildConfiguration;
			baseConfigurationReference = E04A4CE5866A6DAB1C882FF8 /* Pods-flixee-flixeeUITests.release.xcconfig */;
			buildSettings = {
				ALWAYS_EMBED_SWIFT_STANDARD_LIBRARIES = YES;
				CODE_SIGN_STYLE = Automatic;
				INFOPLIST_FILE = flixeeUITests/Info.plist;
				LD_RUNPATH_SEARCH_PATHS = (
					"$(inherited)",
					"@executable_path/Frameworks",
					"@loader_path/Frameworks",
				);
				PRODUCT_BUNDLE_IDENTIFIER = dev.xoflores.flixeeUITests;
				PRODUCT_NAME = "$(TARGET_NAME)";
				SWIFT_VERSION = 5.0;
				TARGETED_DEVICE_FAMILY = "1,2";
				TEST_TARGET_NAME = flixee;
			};
			name = Release;
		};
/* End XCBuildConfiguration section */

/* Begin XCConfigurationList section */
		4A278765251C44AB00BB68CD /* Build configuration list for PBXProject "flixee" */ = {
			isa = XCConfigurationList;
			buildConfigurations = (
				4A278792251C44B100BB68CD /* Debug */,
				4A278793251C44B100BB68CD /* Release */,
			);
			defaultConfigurationIsVisible = 0;
			defaultConfigurationName = Release;
		};
		4A278794251C44B100BB68CD /* Build configuration list for PBXNativeTarget "flixee" */ = {
			isa = XCConfigurationList;
			buildConfigurations = (
				4A278795251C44B100BB68CD /* Debug */,
				4A278796251C44B100BB68CD /* Release */,
			);
			defaultConfigurationIsVisible = 0;
			defaultConfigurationName = Release;
		};
		4A278797251C44B100BB68CD /* Build configuration list for PBXNativeTarget "flixeeTests" */ = {
			isa = XCConfigurationList;
			buildConfigurations = (
				4A278798251C44B100BB68CD /* Debug */,
				4A278799251C44B100BB68CD /* Release */,
			);
			defaultConfigurationIsVisible = 0;
			defaultConfigurationName = Release;
		};
		4A27879A251C44B100BB68CD /* Build configuration list for PBXNativeTarget "flixeeUITests" */ = {
			isa = XCConfigurationList;
			buildConfigurations = (
				4A27879B251C44B100BB68CD /* Debug */,
				4A27879C251C44B100BB68CD /* Release */,
			);
			defaultConfigurationIsVisible = 0;
			defaultConfigurationName = Release;
		};
/* End XCConfigurationList section */
	};
	rootObject = 4A278762251C44AB00BB68CD /* Project object */;
}
